{
  "lockfile_version": "1",
  "packages": {
    "act@latest": {
      "last_modified": "2025-02-16T09:28:34Z",
      "resolved": "github:NixOS/nixpkgs/b1b43d32be000928cc71250ed77f4a0a5f2bc23a#act",
      "source": "devbox-search",
      "version": "0.2.74",
      "systems": {
        "aarch64-darwin": {
          "outputs": [
            {
              "name": "out",
              "path": "/nix/store/qr4rayifhcjqrga4y5cdz8zxm9r3qjny-act-0.2.74",
              "default": true
            }
          ],
          "store_path": "/nix/store/qr4rayifhcjqrga4y5cdz8zxm9r3qjny-act-0.2.74"
        },
        "aarch64-linux": {
          "outputs": [
            {
              "name": "out",
              "path": "/nix/store/xn5byyqpzl8ar9al6d6l7zvs6i35z72m-act-0.2.74",
              "default": true
            }
          ],
          "store_path": "/nix/store/xn5byyqpzl8ar9al6d6l7zvs6i35z72m-act-0.2.74"
        },
        "x86_64-darwin": {
          "outputs": [
            {
              "name": "out",
              "path": "/nix/store/7mlzpsqzx34v7ymf9nbdpsv8v7kndjcq-act-0.2.74",
              "default": true
            }
          ],
          "store_path": "/nix/store/7mlzpsqzx34v7ymf9nbdpsv8v7kndjcq-act-0.2.74"
        },
        "x86_64-linux": {
          "outputs": [
            {
              "name": "out",
              "path": "/nix/store/x6vas4fnkabdq7767h7n4yvl0s38nx2w-act-0.2.74",
              "default": true
            }
          ],
          "store_path": "/nix/store/x6vas4fnkabdq7767h7n4yvl0s38nx2w-act-0.2.74"
        }
      }
    },
    "alejandra@latest": {
      "last_modified": "2025-02-07T11:26:36Z",
      "resolved": "github:NixOS/nixpkgs/d98abf5cf5914e5e4e9d57205e3af55ca90ffc1d#alejandra",
      "source": "devbox-search",
      "version": "3.1.0",
      "systems": {
        "aarch64-darwin": {
          "outputs": [
            {
              "name": "out",
              "path": "/nix/store/whmr30aqa0rb0v0imycrfqndncv2fsq0-alejandra-3.1.0",
              "default": true
            }
          ],
          "store_path": "/nix/store/whmr30aqa0rb0v0imycrfqndncv2fsq0-alejandra-3.1.0"
        },
        "aarch64-linux": {
          "outputs": [
            {
              "name": "out",
              "path": "/nix/store/bl0x27bjqzgrdzzj7g7dmyjqj7gn0ska-alejandra-3.1.0",
              "default": true
            }
          ],
          "store_path": "/nix/store/bl0x27bjqzgrdzzj7g7dmyjqj7gn0ska-alejandra-3.1.0"
        },
        "x86_64-darwin": {
          "outputs": [
            {
              "name": "out",
              "path": "/nix/store/xpbs942rcfph0y95jsc7jpwcn2zsvval-alejandra-3.1.0",
              "default": true
            }
          ],
          "store_path": "/nix/store/xpbs942rcfph0y95jsc7jpwcn2zsvval-alejandra-3.1.0"
        },
        "x86_64-linux": {
          "outputs": [
            {
              "name": "out",
              "path": "/nix/store/2qk5wf331s0fjs43nfnrd3ga50m8217c-alejandra-3.1.0",
              "default": true
            }
          ],
          "store_path": "/nix/store/2qk5wf331s0fjs43nfnrd3ga50m8217c-alejandra-3.1.0"
        }
      }
    },
    "github:NixOS/nixpkgs/nixpkgs-unstable": {
      "resolved": "github:NixOS/nixpkgs/de0fe301211c267807afd11b12613f5511ff7433?lastModified=1741310760&narHash=sha256-aizILFrPgq%2FW53Jw8i0a1h1GZAAKtlYOrG%2FA5r46gVM%3D"
    },
    "jq@latest": {
      "last_modified": "2025-03-01T01:09:10Z",
      "resolved": "github:NixOS/nixpkgs/199169a2135e6b864a888e89a2ace345703c025d#jq",
      "source": "devbox-search",
      "version": "1.7.1",
      "systems": {
        "aarch64-darwin": {
          "outputs": [
            {
              "name": "bin",
              "path": "/nix/store/h67qb8yrnfja706ch9f2yfq1i0bz4mn1-jq-1.7.1-bin",
              "default": true
            },
            {
              "name": "man",
              "path": "/nix/store/dq242j6q44xlqlp7y6fjg7bmpd82m6li-jq-1.7.1-man",
              "default": true
            },
            {
              "name": "doc",
              "path": "/nix/store/6pnnni79b8018j88i2ynn1630qlwaphp-jq-1.7.1-doc"
            },
            {
              "name": "out",
              "path": "/nix/store/p73la466zw37g7z5d2qy3zz9mamf3gsv-jq-1.7.1"
            },
            {
              "name": "dev",
              "path": "/nix/store/v8anx27z4ib0gf7p1bh27j2g8zl37npb-jq-1.7.1-dev"
            }
          ],
          "store_path": "/nix/store/h67qb8yrnfja706ch9f2yfq1i0bz4mn1-jq-1.7.1-bin"
        },
        "aarch64-linux": {
          "outputs": [
            {
              "name": "bin",
              "path": "/nix/store/iqyxj9kb5g5w347svfwskiyahrplwxgb-jq-1.7.1-bin",
              "default": true
            },
            {
              "name": "man",
              "path": "/nix/store/ikr9p51fkdc932kmbmnq4wji81cyaw7m-jq-1.7.1-man",
              "default": true
            },
            {
              "name": "doc",
              "path": "/nix/store/z96h0lbll50v9m5fly0mvrqxibiv07gj-jq-1.7.1-doc"
            },
            {
              "name": "out",
              "path": "/nix/store/lnzkzs9zlpap9vizx5ds11a2kkpcfm5a-jq-1.7.1"
            },
            {
              "name": "dev",
              "path": "/nix/store/a3n8r9jn9g78yhb8xamgml3vlsv4qc3w-jq-1.7.1-dev"
            }
          ],
          "store_path": "/nix/store/iqyxj9kb5g5w347svfwskiyahrplwxgb-jq-1.7.1-bin"
        },
        "x86_64-darwin": {
          "outputs": [
            {
              "name": "bin",
              "path": "/nix/store/kvdl82szh102c3bmqfcymfhhdgmmpiqw-jq-1.7.1-bin",
              "default": true
            },
            {
              "name": "man",
              "path": "/nix/store/66hkk82yqg7dnjx8dj32kxhp4mna06ry-jq-1.7.1-man",
              "default": true
            },
            {
              "name": "doc",
              "path": "/nix/store/yh6klqhz2sxa8y3yfsxy828mhbkcdy34-jq-1.7.1-doc"
            },
            {
              "name": "out",
              "path": "/nix/store/q3cn39yz907p3h8ndqf9ljcakh2pzsrv-jq-1.7.1"
            },
            {
              "name": "dev",
              "path": "/nix/store/bpdizbcr45r3m1k75sxcmdbqi8i2khmd-jq-1.7.1-dev"
            }
          ],
          "store_path": "/nix/store/kvdl82szh102c3bmqfcymfhhdgmmpiqw-jq-1.7.1-bin"
        },
        "x86_64-linux": {
          "outputs": [
            {
              "name": "bin",
              "path": "/nix/store/xqh11ih3h2y85sgjjighlskp2llhswmz-jq-1.7.1-bin",
              "default": true
            },
            {
              "name": "man",
              "path": "/nix/store/v14f5in0m2yx4561dbs2mbplsgi0hx26-jq-1.7.1-man",
              "default": true
            },
            {
              "name": "dev",
              "path": "/nix/store/bsa64w792v82bx2nanmygc4fg690f4a0-jq-1.7.1-dev"
            },
            {
              "name": "doc",
              "path": "/nix/store/gskl3sys6n7r8rg768smngn1n52w09ag-jq-1.7.1-doc"
            },
            {
              "name": "out",
              "path": "/nix/store/75lxfnxl0wsifkqs6pb7rdmanrdd6qjp-jq-1.7.1"
            }
          ],
          "store_path": "/nix/store/xqh11ih3h2y85sgjjighlskp2llhswmz-jq-1.7.1-bin"
        }
      }
    }
  }
}
