{
  "lockfile_version": "1",
  "packages": {
    "act@latest": {
      "last_modified": "2025-02-16T09:28:34Z",
      "resolved": "github:NixOS/nixpkgs/b1b43d32be000928cc71250ed77f4a0a5f2bc23a#act",
      "source": "devbox-search",
      "version": "0.2.74",
      "systems": {
        "aarch64-darwin": {
          "outputs": [
            {
              "name": "out",
              "path": "/nix/store/qr4rayifhcjqrga4y5cdz8zxm9r3qjny-act-0.2.74",
              "default": true
            }
          ],
          "store_path": "/nix/store/qr4rayifhcjqrga4y5cdz8zxm9r3qjny-act-0.2.74"
        },
        "aarch64-linux": {
          "outputs": [
            {
              "name": "out",
              "path": "/nix/store/xn5byyqpzl8ar9al6d6l7zvs6i35z72m-act-0.2.74",
              "default": true
            }
          ],
          "store_path": "/nix/store/xn5byyqpzl8ar9al6d6l7zvs6i35z72m-act-0.2.74"
        },
        "x86_64-darwin": {
          "outputs": [
            {
              "name": "out",
              "path": "/nix/store/7mlzpsqzx34v7ymf9nbdpsv8v7kndjcq-act-0.2.74",
              "default": true
            }
          ],
          "store_path": "/nix/store/7mlzpsqzx34v7ymf9nbdpsv8v7kndjcq-act-0.2.74"
        },
        "x86_64-linux": {
          "outputs": [
            {
              "name": "out",
              "path": "/nix/store/x6vas4fnkabdq7767h7n4yvl0s38nx2w-act-0.2.74",
              "default": true
            }
          ],
          "store_path": "/nix/store/x6vas4fnkabdq7767h7n4yvl0s38nx2w-act-0.2.74"
        }
      }
    },
    "alejandra@latest": {
      "last_modified": "2025-02-07T11:26:36Z",
      "resolved": "github:NixOS/nixpkgs/d98abf5cf5914e5e4e9d57205e3af55ca90ffc1d#alejandra",
      "source": "devbox-search",
      "version": "3.1.0",
      "systems": {
        "aarch64-darwin": {
          "outputs": [
            {
              "name": "out",
              "path": "/nix/store/whmr30aqa0rb0v0imycrfqndncv2fsq0-alejandra-3.1.0",
              "default": true
            }
          ],
          "store_path": "/nix/store/whmr30aqa0rb0v0imycrfqndncv2fsq0-alejandra-3.1.0"
        },
        "aarch64-linux": {
          "outputs": [
            {
              "name": "out",
              "path": "/nix/store/bl0x27bjqzgrdzzj7g7dmyjqj7gn0ska-alejandra-3.1.0",
              "default": true
            }
          ],
          "store_path": "/nix/store/bl0x27bjqzgrdzzj7g7dmyjqj7gn0ska-alejandra-3.1.0"
        },
        "x86_64-darwin": {
          "outputs": [
            {
              "name": "out",
              "path": "/nix/store/xpbs942rcfph0y95jsc7jpwcn2zsvval-alejandra-3.1.0",
              "default": true
            }
          ],
          "store_path": "/nix/store/xpbs942rcfph0y95jsc7jpwcn2zsvval-alejandra-3.1.0"
        },
        "x86_64-linux": {
          "outputs": [
            {
              "name": "out",
              "path": "/nix/store/2qk5wf331s0fjs43nfnrd3ga50m8217c-alejandra-3.1.0",
              "default": true
            }
          ],
          "store_path": "/nix/store/2qk5wf331s0fjs43nfnrd3ga50m8217c-alejandra-3.1.0"
        }
      }
    },
    "github:NixOS/nixpkgs/nixpkgs-unstable": {
      "resolved": "github:NixOS/nixpkgs/de0fe301211c267807afd11b12613f5511ff7433?lastModified=1741310760&narHash=sha256-aizILFrPgq%2FW53Jw8i0a1h1GZAAKtlYOrG%2FA5r46gVM%3D"
    }
  }
}
